# THIS IS AN AUTOGENERATED FILE. DO NOT EDIT THIS FILE DIRECTLY.
# yarn lockfile v1


"@babel/runtime@^7.6.3":
  version "7.7.4"
  resolved "https://registry.yarnpkg.com/@babel/runtime/-/runtime-7.7.4.tgz#b23a856751e4bf099262f867767889c0e3fe175b"
  integrity sha512-r24eVUUr0QqNZa+qrImUk8fn5SPhHq+IfYvIoIMg0do3GdK9sMdiLKP3GYVVaxpPKORgm8KRKaNTEhAjgIpLMw==
  dependencies:
    regenerator-runtime "^0.13.2"

polished@^3.4.2:
  version "3.4.2"
  resolved "https://registry.yarnpkg.com/polished/-/polished-3.4.2.tgz#b4780dad81d64df55615fbfc77acb52fd17d88cd"
  integrity sha512-9Rch6iMZckABr6EFCLPZsxodeBpXMo9H4fRlfR/9VjMEyy5xpo1/WgXlJGgSjPyVhEZNycbW7UmYMNyWS5MI0g==
  dependencies:
    "@babel/runtime" "^7.6.3"

regenerator-runtime@^0.13.2:
  version "0.13.3"
  resolved "https://registry.yarnpkg.com/regenerator-runtime/-/regenerator-runtime-0.13.3.tgz#7cf6a77d8f5c6f60eb73c5fc1955b2ceb01e6bf5"
  integrity sha512-naKIZz2GQ8JWh///G7L3X6LaQUAMp2lvb1rvwwsURe/VXwD6VMfr+/1NuNw3ag8v2kY1aQ/go5SNn79O9JU7yw==
